
Microsoft Visual Studio Solution File, Format Version 12.00
# Visual Studio Version 17
VisualStudioVersion = 17.1.32319.34
MinimumVisualStudioVersion = 10.0.40219.1
Project("{FAE04EC0-301F-11D3-BF4B-00C04F79EFBC}") = "ProjectLaunch", "ProjectLaunch.csproj", "{BE9079AC-E487-41C3-8477-AAEFC667B100}"
EndProject
Global
	GlobalSection(SolutionConfigurationPlatforms) = preSolution
		Debug|Any CPU = Debug|Any CPU
		Release|Any CPU = Release|Any CPU
	EndGlobalSection
	GlobalSection(ProjectConfigurationPlatforms) = postSolution
		{BE9079AC-E487-41C3-8477-AAEFC667B100}.Debug|Any CPU.ActiveCfg = Debug|Any CPU
		{BE9079AC-E487-41C3-8477-AAEFC667B100}.Debug|Any CPU.Build.0 = Debug|Any CPU
		{BE9079AC-E487-41C3-8477-AAEFC667B100}.Release|Any CPU.ActiveCfg = Release|Any CPU
		{BE9079AC-E487-41C3-8477-AAEFC667B100}.Release|Any CPU.Build.0 = Release|Any CPU
	EndGlobalSection
	GlobalSection(SolutionProperties) = preSolution
		HideSolutionNode = FALSE
	EndGlobalSection
	GlobalSection(ExtensibilityGlobals) = postSolution
		SolutionGuid = {59432109-71FF-47EB-95A5-2A22F74CA070}
	EndGlobalSection
EndGlobal
